<?xml version="1.0" encoding="utf-8"?>
<Project ToolsVersion="4.0" xmlns="http://schemas.microsoft.com/developer/msbuild/2003">
  <ItemGroup>
    <Filter Include="Source Files">
      <UniqueIdentifier>{09c4f379-95b7-4944-9716-4bc1e4030db1}</UniqueIdentifier>
      <Extensions>cpp;c;cxx;rc;def;r;odl;idl;hpj;bat</Extensions>
    </Filter>
    <Filter Include="Header Files">
      <UniqueIdentifier>{7cadbd8a-0eed-484b-b758-7a72cf551871}</UniqueIdentifier>
      <Extensions>h;hpp;hxx;hm;inl</Extensions>
    </Filter>
    <Filter Include="Resource Files">
      <UniqueIdentifier>{81c66876-fc26-49d9-816e-7086312ca6b3}</UniqueIdentifier>
      <Extensions>ico;cur;bmp;dlg;rc2;rct;bin;rgs;gif;jpg;jpeg;jpe</Extensions>
    </Filter>
  </ItemGroup>
  <ItemGroup>
    <ClCompile Include="Arbi5UI.cpp">
      <Filter>Source Files</Filter>
    </ClCompile>
    <ClCompile Include="Arbi5UIDoc.cpp">
      <Filter>Source Files</Filter>
    </ClCompile>
    <ClCompile Include="Arbi5UIView.cpp">
      <Filter>Source Files</Filter>
    </ClCompile>
    <ClCompile Include="ArbiLogDlg.cpp">
      <Filter>Source Files</Filter>
    </ClCompile>
    <ClCompile Include="..\ArbitrageComparablePriceExpression.cpp">
      <Filter>Source Files</Filter>
    </ClCompile>
    <ClCompile Include="..\ArbitrageStrategy.cpp">
      <Filter>Source Files</Filter>
    </ClCompile>
    <ClCompile Include="AuthDlg.cpp">
      <Filter>Source Files</Filter>
    </ClCompile>
    <ClCompile Include="..\CancelQueue.cpp">
      <Filter>Source Files</Filter>
    </ClCompile>
    <ClCompile Include="..\ClientSock.cpp">
      <Filter>Source Files</Filter>
    </ClCompile>
    <ClCompile Include="..\commodity.cpp">
      <Filter>Source Files</Filter>
    </ClCompile>
    <ClCompile Include="..\Condition.cpp">
      <Filter>Source Files</Filter>
    </ClCompile>
    <ClCompile Include="contentSheet.cpp">
      <Filter>Source Files</Filter>
    </ClCompile>
    <ClCompile Include="..\contract.cpp">
      <Filter>Source Files</Filter>
    </ClCompile>
    <ClCompile Include="CoolTabCtrl.cpp">
      <Filter>Source Files</Filter>
    </ClCompile>
    <ClCompile Include="..\DayTradingStrategy.cpp">
      <Filter>Source Files</Filter>
    </ClCompile>
    <ClCompile Include="..\Dealer.cpp">
      <Filter>Source Files</Filter>
    </ClCompile>
    <ClCompile Include="DealerHistoryLog.cpp">
      <Filter>Source Files</Filter>
    </ClCompile>
    <ClCompile Include="..\DealHistory.cpp">
      <Filter>Source Files</Filter>
    </ClCompile>
    <ClCompile Include="DealWarningDlg.cpp">
      <Filter>Source Files</Filter>
    </ClCompile>
    <ClCompile Include="..\DiffExpression.cpp">
      <Filter>Source Files</Filter>
    </ClCompile>
    <ClCompile Include="..\Exchange.cpp">
      <Filter>Source Files</Filter>
    </ClCompile>
    <ClCompile Include="ExchangeRateInfoDlg.cpp">
      <Filter>Source Files</Filter>
    </ClCompile>
    <ClCompile Include="..\FishShootStrategy.cpp">
      <Filter>Source Files</Filter>
    </ClCompile>
    <ClCompile Include="..\FishStrategy.cpp">
      <Filter>Source Files</Filter>
    </ClCompile>
    <ClCompile Include="HeaderCtrlCl.cpp">
      <Filter>Source Files</Filter>
    </ClCompile>
    <ClCompile Include="..\HoldingCounter.cpp">
      <Filter>Source Files</Filter>
    </ClCompile>
    <ClCompile Include="..\HoldingGuard.cpp">
      <Filter>Source Files</Filter>
    </ClCompile>
    <ClCompile Include="IntentionDlg.cpp">
      <Filter>Source Files</Filter>
    </ClCompile>
    <ClCompile Include="..\IntentionPair.cpp">
      <Filter>Source Files</Filter>
    </ClCompile>
    <ClCompile Include="IntentionPairDlg.cpp">
      <Filter>Source Files</Filter>
    </ClCompile>
    <ClCompile Include="..\Leg.cpp">
      <Filter>Source Files</Filter>
    </ClCompile>
    <ClCompile Include="ListCtrlCl.cpp">
      <Filter>Source Files</Filter>
    </ClCompile>
    <ClCompile Include="ListCtrlEditBase.cpp">
      <Filter>Source Files</Filter>
    </ClCompile>
    <ClCompile Include="ListCtrlMap.cpp">
      <Filter>Source Files</Filter>
    </ClCompile>
    <ClCompile Include="LogList.cpp">
      <Filter>Source Files</Filter>
    </ClCompile>
    <ClCompile Include="..\LogPriceStrategy.cpp">
      <Filter>Source Files</Filter>
    </ClCompile>
    <ClCompile Include="..\LogStore.cpp">
      <Filter>Source Files</Filter>
    </ClCompile>
    <ClCompile Include="MainFrm.cpp">
      <Filter>Source Files</Filter>
    </ClCompile>
    <ClCompile Include="..\MockAsyncDealer.cpp">
      <Filter>Source Files</Filter>
    </ClCompile>
    <ClCompile Include="..\MockAsyncPriceSource.cpp">
      <Filter>Source Files</Filter>
    </ClCompile>
    <ClCompile Include="MsgSheet.cpp">
      <Filter>Source Files</Filter>
    </ClCompile>
    <ClCompile Include="OperManageDlg.cpp">
      <Filter>Source Files</Filter>
    </ClCompile>
    <ClCompile Include="..\Order.cpp">
      <Filter>Source Files</Filter>
    </ClCompile>
    <ClCompile Include="..\Persistence.cpp">
      <Filter>Source Files</Filter>
    </ClCompile>
    <ClCompile Include="Picture.cpp">
      <Filter>Source Files</Filter>
    </ClCompile>
    <ClCompile Include="..\Price.cpp">
      <Filter>Source Files</Filter>
    </ClCompile>
    <ClCompile Include="..\PriceSource.cpp">
      <Filter>Source Files</Filter>
    </ClCompile>
    <ClCompile Include="PubFun.cpp">
      <Filter>Source Files</Filter>
    </ClCompile>
    <ClCompile Include="..\Rate.cpp">
      <Filter>Source Files</Filter>
    </ClCompile>
    <ClCompile Include="scbarg.cpp">
      <Filter>Source Files</Filter>
    </ClCompile>
    <ClCompile Include="..\SfitDealer.cpp">
      <Filter>Source Files</Filter>
    </ClCompile>
    <ClCompile Include="..\SfitPriceSource.cpp">
      <Filter>Source Files</Filter>
    </ClCompile>
    <ClCompile Include="..\ShootStrategy.cpp">
      <Filter>Source Files</Filter>
    </ClCompile>
    <ClCompile Include="sizecbar.cpp">
      <Filter>Source Files</Filter>
    </ClCompile>
    <ClCompile Include="..\SpDealer.cpp">
      <Filter>Source Files</Filter>
    </ClCompile>
    <ClCompile Include="..\SPInfor.cpp">
      <Filter>Source Files</Filter>
    </ClCompile>
    <ClCompile Include="..\SpPriceSource.cpp">
      <Filter>Source Files</Filter>
    </ClCompile>
    <ClCompile Include="StdAfx.cpp">
      <Filter>Source Files</Filter>
    </ClCompile>
    <ClCompile Include="..\Strategy.cpp">
      <Filter>Source Files</Filter>
    </ClCompile>
    <ClCompile Include="StrategyDlg.cpp">
      <Filter>Source Files</Filter>
    </ClCompile>
    <ClCompile Include="StrategyInfoDlg.cpp">
      <Filter>Source Files</Filter>
    </ClCompile>
    <ClCompile Include="..\TimeInterval.cpp">
      <Filter>Source Files</Filter>
    </ClCompile>
    <ClCompile Include="..\TwoLegStrategy.cpp">
      <Filter>Source Files</Filter>
    </ClCompile>
    <ClCompile Include="UserLoadDlg.cpp">
      <Filter>Source Files</Filter>
    </ClCompile>
    <ClCompile Include="..\Uuid.cpp">
      <Filter>Source Files</Filter>
    </ClCompile>
    <ClCompile Include="..\ImportExpression.cpp">
      <Filter>Source Files</Filter>
    </ClCompile>
    <ClCompile Include="DialogSugar.cpp">
      <Filter>Source Files</Filter>
    </ClCompile>
    <ClCompile Include="Oscillogram.cpp">
      <Filter>Source Files</Filter>
    </ClCompile>
    <ClCompile Include="PointValue.cpp">
      <Filter>Source Files</Filter>
    </ClCompile>
    <ClCompile Include="TitleTips.cpp">
      <Filter>Source Files</Filter>
    </ClCompile>
    <ClCompile Include="CurveLink.cpp">
      <Filter>Source Files</Filter>
    </ClCompile>
    <ClCompile Include="DataCurve.cpp">
      <Filter>Source Files</Filter>
    </ClCompile>
    <ClCompile Include="..\FixPrice.cpp">
      <Filter>Source Files</Filter>
    </ClCompile>
    <ClCompile Include="..\FixPubTools.cpp">
      <Filter>Source Files</Filter>
    </ClCompile>
    <ClCompile Include="..\FixTcpTrans.cpp">
      <Filter>Source Files</Filter>
    </ClCompile>
    <ClCompile Include="..\FixThread.cpp">
      <Filter>Source Files</Filter>
    </ClCompile>
    <ClCompile Include="..\FixThreadMsgPool.cpp">
      <Filter>Source Files</Filter>
    </ClCompile>
    <ClCompile Include="..\FixTimerManager.cpp">
      <Filter>Source Files</Filter>
    </ClCompile>
    <ClCompile Include="..\FixClientSock.cpp">
      <Filter>Source Files</Filter>
    </ClCompile>
    <ClCompile Include="..\FixDecode.cpp">
      <Filter>Source Files</Filter>
    </ClCompile>
    <ClCompile Include="..\FixEncode.cpp">
      <Filter>Source Files</Filter>
    </ClCompile>
    <ClCompile Include="..\FixEntry.cpp">
      <Filter>Source Files</Filter>
    </ClCompile>
    <ClCompile Include="..\FixPatsPriceSource.cpp">
      <Filter>Source Files</Filter>
    </ClCompile>
    <ClCompile Include="..\SimFixEngine.cpp">
      <Filter>Source Files</Filter>
    </ClCompile>
    <ClCompile Include="..\TestFixThread1.cpp">
      <Filter>Source Files</Filter>
    </ClCompile>
    <ClCompile Include="..\TestFixThread2.cpp">
      <Filter>Source Files</Filter>
    </ClCompile>
    <ClCompile Include="..\FixDealer.cpp">
      <Filter>Source Files</Filter>
    </ClCompile>
    <ClCompile Include="..\FixPatsDealer.cpp">
      <Filter>Source Files</Filter>
    </ClCompile>
    <ClCompile Include="..\EsunnyDealer.cpp">
      <Filter>Source Files</Filter>
    </ClCompile>
    <ClCompile Include="..\EsunnyPriceSource.cpp">
      <Filter>Source Files</Filter>
    </ClCompile>
    <ClCompile Include="..\RohonDealer.cpp">
      <Filter>Source Files</Filter>
    </ClCompile>
    <ClCompile Include="..\RohonPriceSource.cpp">
      <Filter>Source Files</Filter>
    </ClCompile>
    <ClCompile Include="ArbiReportDlg.cpp">
      <Filter>Source Files</Filter>
    </ClCompile>
    <ClCompile Include="StrategyMoreDlg.cpp">
      <Filter>Source Files</Filter>
    </ClCompile>
    <ClCompile Include="..\NameConverter.cpp">
      <Filter>Source Files</Filter>
    </ClCompile>
    <ClCompile Include="..\KnownContract.cpp">
      <Filter>Source Files</Filter>
    </ClCompile>
    <ClCompile Include="..\otherPriceSource.cpp">
      <Filter>Source Files</Filter>
    </ClCompile>
    <ClCompile Include="..\otherDealer.cpp">
      <Filter>Source Files</Filter>
    </ClCompile>
    <ClCompile Include="..\PatsApiDealer.cpp">
      <Filter>Source Files</Filter>
    </ClCompile>
    <ClCompile Include="..\PatsApiPriceSource.cpp">
      <Filter>Source Files</Filter>
    </ClCompile>
    <ClCompile Include="..\SimPatsApiEngine.cpp">
      <Filter>Source Files</Filter>
    </ClCompile>
  </ItemGroup>
  <ItemGroup>
    <ResourceCompile Include="Arbi5UI.rc">
      <Filter>Source Files</Filter>
    </ResourceCompile>
  </ItemGroup>
  <ItemGroup>
    <ClInclude Include="ListCtrlMap.h">
      <Filter>Source Files</Filter>
    </ClInclude>
    <ClInclude Include="Arbi5UI.h">
      <Filter>Header Files</Filter>
    </ClInclude>
    <ClInclude Include="Arbi5UIDoc.h">
      <Filter>Header Files</Filter>
    </ClInclude>
    <ClInclude Include="Arbi5UIView.h">
      <Filter>Header Files</Filter>
    </ClInclude>
    <ClInclude Include="ArbiLogDlg.h">
      <Filter>Header Files</Filter>
    </ClInclude>
    <ClInclude Include="..\ArbitrageComparablePriceExpression.h">
      <Filter>Header Files</Filter>
    </ClInclude>
    <ClInclude Include="..\ArbitrageStrategy.h">
      <Filter>Header Files</Filter>
    </ClInclude>
    <ClInclude Include="AuthDlg.h">
      <Filter>Header Files</Filter>
    </ClInclude>
    <ClInclude Include="..\CancelQueue.h">
      <Filter>Header Files</Filter>
    </ClInclude>
    <ClInclude Include="..\ClientSock.h">
      <Filter>Header Files</Filter>
    </ClInclude>
    <ClInclude Include="..\commodity.h">
      <Filter>Header Files</Filter>
    </ClInclude>
    <ClInclude Include="..\Condition.h">
      <Filter>Header Files</Filter>
    </ClInclude>
    <ClInclude Include="contentSheet.h">
      <Filter>Header Files</Filter>
    </ClInclude>
    <ClInclude Include="..\contract.h">
      <Filter>Header Files</Filter>
    </ClInclude>
    <ClInclude Include="CoolTabCtrl.h">
      <Filter>Header Files</Filter>
    </ClInclude>
    <ClInclude Include="..\DayTradingStrategy.h">
      <Filter>Header Files</Filter>
    </ClInclude>
    <ClInclude Include="..\Dealer.h">
      <Filter>Header Files</Filter>
    </ClInclude>
    <ClInclude Include="DealerHistoryLog.h">
      <Filter>Header Files</Filter>
    </ClInclude>
    <ClInclude Include="..\DealHistory.h">
      <Filter>Header Files</Filter>
    </ClInclude>
    <ClInclude Include="DealWarningDlg.h">
      <Filter>Header Files</Filter>
    </ClInclude>
    <ClInclude Include="..\DiffExpression.h">
      <Filter>Header Files</Filter>
    </ClInclude>
    <ClInclude Include="..\DoubleClickStrategy.h">
      <Filter>Header Files</Filter>
    </ClInclude>
    <ClInclude Include="..\Exchange.h">
      <Filter>Header Files</Filter>
    </ClInclude>
    <ClInclude Include="ExchangeRateInfoDlg.h">
      <Filter>Header Files</Filter>
    </ClInclude>
    <ClInclude Include="..\FishShootStrategy.h">
      <Filter>Header Files</Filter>
    </ClInclude>
    <ClInclude Include="..\FishStrategy.h">
      <Filter>Header Files</Filter>
    </ClInclude>
    <ClInclude Include="HeaderCtrlCl.h">
      <Filter>Header Files</Filter>
    </ClInclude>
    <ClInclude Include="..\HoldingCounter.h">
      <Filter>Header Files</Filter>
    </ClInclude>
    <ClInclude Include="..\HoldingGuard.h">
      <Filter>Header Files</Filter>
    </ClInclude>
    <ClInclude Include="Info.h">
      <Filter>Header Files</Filter>
    </ClInclude>
    <ClInclude Include="IntentionDlg.h">
      <Filter>Header Files</Filter>
    </ClInclude>
    <ClInclude Include="..\IntentionPair.h">
      <Filter>Header Files</Filter>
    </ClInclude>
    <ClInclude Include="IntentionPairDlg.h">
      <Filter>Header Files</Filter>
    </ClInclude>
    <ClInclude Include="..\IntentionPairListener.h">
      <Filter>Header Files</Filter>
    </ClInclude>
    <ClInclude Include="..\Leg.h">
      <Filter>Header Files</Filter>
    </ClInclude>
    <ClInclude Include="ListCtrlCl.h">
      <Filter>Header Files</Filter>
    </ClInclude>
    <ClInclude Include="ListCtrlEditBase.h">
      <Filter>Header Files</Filter>
    </ClInclude>
    <ClInclude Include="LogList.h">
      <Filter>Header Files</Filter>
    </ClInclude>
    <ClInclude Include="..\LogPriceStrategy.h">
      <Filter>Header Files</Filter>
    </ClInclude>
    <ClInclude Include="..\LogStore.h">
      <Filter>Header Files</Filter>
    </ClInclude>
    <ClInclude Include="MainFrm.h">
      <Filter>Header Files</Filter>
    </ClInclude>
    <ClInclude Include="..\MockAsyncDealer.h">
      <Filter>Header Files</Filter>
    </ClInclude>
    <ClInclude Include="..\MockAsyncPriceSource.h">
      <Filter>Header Files</Filter>
    </ClInclude>
    <ClInclude Include="MsgSheet.h">
      <Filter>Header Files</Filter>
    </ClInclude>
    <ClInclude Include="OperManageDlg.h">
      <Filter>Header Files</Filter>
    </ClInclude>
    <ClInclude Include="..\Order.h">
      <Filter>Header Files</Filter>
    </ClInclude>
    <ClInclude Include="..\Persistence.h">
      <Filter>Header Files</Filter>
    </ClInclude>
    <ClInclude Include="Picture.h">
      <Filter>Header Files</Filter>
    </ClInclude>
    <ClInclude Include="..\Price.h">
      <Filter>Header Files</Filter>
    </ClInclude>
    <ClInclude Include="..\PriceSource.h">
      <Filter>Header Files</Filter>
    </ClInclude>
    <ClInclude Include="PubFun.h">
      <Filter>Header Files</Filter>
    </ClInclude>
    <ClInclude Include="..\Rate.h">
      <Filter>Header Files</Filter>
    </ClInclude>
    <ClInclude Include="Resource.h">
      <Filter>Header Files</Filter>
    </ClInclude>
    <ClInclude Include="scbarg.h">
      <Filter>Header Files</Filter>
    </ClInclude>
    <ClInclude Include="..\SfitDealer.h">
      <Filter>Header Files</Filter>
    </ClInclude>
    <ClInclude Include="..\SfitPriceSource.h">
      <Filter>Header Files</Filter>
    </ClInclude>
    <ClInclude Include="..\ShootStrategy.h">
      <Filter>Header Files</Filter>
    </ClInclude>
    <ClInclude Include="sizecbar.h">
      <Filter>Header Files</Filter>
    </ClInclude>
    <ClInclude Include="..\SpDealer.h">
      <Filter>Header Files</Filter>
    </ClInclude>
    <ClInclude Include="..\SPInfor.h">
      <Filter>Header Files</Filter>
    </ClInclude>
    <ClInclude Include="..\SpPriceSource.h">
      <Filter>Header Files</Filter>
    </ClInclude>
    <ClInclude Include="StdAfx.h">
      <Filter>Header Files</Filter>
    </ClInclude>
    <ClInclude Include="..\Strategy.h">
      <Filter>Header Files</Filter>
    </ClInclude>
    <ClInclude Include="StrategyDlg.h">
      <Filter>Header Files</Filter>
    </ClInclude>
    <ClInclude Include="StrategyInfoDlg.h">
      <Filter>Header Files</Filter>
    </ClInclude>
    <ClInclude Include="..\TimeInterval.h">
      <Filter>Header Files</Filter>
    </ClInclude>
    <ClInclude Include="..\TwoLegStrategy.h">
      <Filter>Header Files</Filter>
    </ClInclude>
    <ClInclude Include="UserLoadDlg.h">
      <Filter>Header Files</Filter>
    </ClInclude>
    <ClInclude Include="..\Uuid.h">
      <Filter>Header Files</Filter>
    </ClInclude>
    <ClInclude Include="..\ImportExpression.h">
      <Filter>Header Files</Filter>
    </ClInclude>
    <ClInclude Include="DialogSugar.h">
      <Filter>Header Files</Filter>
    </ClInclude>
    <ClInclude Include="CurveLink.h">
      <Filter>Header Files</Filter>
    </ClInclude>
    <ClInclude Include="Oscillogram.h">
      <Filter>Header Files</Filter>
    </ClInclude>
    <ClInclude Include="PointValue.h">
      <Filter>Header Files</Filter>
    </ClInclude>
    <ClInclude Include="TitleTips.h">
      <Filter>Header Files</Filter>
    </ClInclude>
    <ClInclude Include="DataCurve.h">
      <Filter>Header Files</Filter>
    </ClInclude>
    <ClInclude Include="..\FixPrice.h">
      <Filter>Header Files</Filter>
    </ClInclude>
    <ClInclude Include="..\FixPubTools.h">
      <Filter>Header Files</Filter>
    </ClInclude>
    <ClInclude Include="..\FixTcpTrans.h">
      <Filter>Header Files</Filter>
    </ClInclude>
    <ClInclude Include="..\FixThread.h">
      <Filter>Header Files</Filter>
    </ClInclude>
    <ClInclude Include="..\FixThreadMsgPool.h">
      <Filter>Header Files</Filter>
    </ClInclude>
    <ClInclude Include="..\FixTimerManager.h">
      <Filter>Header Files</Filter>
    </ClInclude>
    <ClInclude Include="..\FixClientSock.h">
      <Filter>Header Files</Filter>
    </ClInclude>
    <ClInclude Include="..\FixDecode.h">
      <Filter>Header Files</Filter>
    </ClInclude>
    <ClInclude Include="..\FixEncode.h">
      <Filter>Header Files</Filter>
    </ClInclude>
    <ClInclude Include="..\FixEntry.h">
      <Filter>Header Files</Filter>
    </ClInclude>
    <ClInclude Include="..\fixmsgdef.h">
      <Filter>Header Files</Filter>
    </ClInclude>
    <ClInclude Include="..\FixPatsPriceSource.h">
      <Filter>Header Files</Filter>
    </ClInclude>
    <ClInclude Include="..\TestFixThread2.h">
      <Filter>Header Files</Filter>
    </ClInclude>
    <ClInclude Include="..\SimFixEngine.h">
      <Filter>Header Files</Filter>
    </ClInclude>
    <ClInclude Include="..\TestFixThread1.h">
      <Filter>Header Files</Filter>
    </ClInclude>
    <ClInclude Include="..\FixDealer.h">
      <Filter>Header Files</Filter>
    </ClInclude>
    <ClInclude Include="..\FixPatsDealer.h">
      <Filter>Header Files</Filter>
    </ClInclude>
    <ClInclude Include="..\EsunnyDealer.h">
      <Filter>Header Files</Filter>
    </ClInclude>
    <ClInclude Include="..\EsunnyPriceSource.h">
      <Filter>Header Files</Filter>
    </ClInclude>
    <ClInclude Include="..\RohonDealer.h">
      <Filter>Header Files</Filter>
    </ClInclude>
    <ClInclude Include="..\RohonPriceSource.h">
      <Filter>Header Files</Filter>
    </ClInclude>
    <ClInclude Include="ArbiReportDlg.h">
      <Filter>Header Files</Filter>
    </ClInclude>
    <ClInclude Include="StrategyMoreDlg.h">
      <Filter>Header Files</Filter>
    </ClInclude>
    <ClInclude Include="..\NameConverter.h">
      <Filter>Header Files</Filter>
    </ClInclude>
    <ClInclude Include="..\KnownContract.h">
      <Filter>Header Files</Filter>
    </ClInclude>
    <ClInclude Include="..\otherPriceSource.h">
      <Filter>Header Files</Filter>
    </ClInclude>
    <ClInclude Include="..\otherDealer.h">
      <Filter>Header Files</Filter>
    </ClInclude>
    <ClInclude Include="..\PatsApiDealer.h">
      <Filter>Header Files</Filter>
    </ClInclude>
    <ClInclude Include="..\patsapiinnermsgdef.h">
      <Filter>Header Files</Filter>
    </ClInclude>
    <ClInclude Include="..\patsapimsgdef.h">
      <Filter>Header Files</Filter>
    </ClInclude>
    <ClInclude Include="..\PatsApiPriceSource.h">
      <Filter>Header Files</Filter>
    </ClInclude>
    <ClInclude Include="..\patsIntf.h">
      <Filter>Header Files</Filter>
    </ClInclude>
    <ClInclude Include="..\SimPatsApiEngine.h">
      <Filter>Header Files</Filter>
    </ClInclude>
  </ItemGroup>
  <ItemGroup>
    <CustomBuild Include="res\007.ico">
      <Filter>Resource Files</Filter>
    </CustomBuild>
    <CustomBuild Include="res\008.ico">
      <Filter>Resource Files</Filter>
    </CustomBuild>
    <CustomBuild Include="res\014.ico">
      <Filter>Resource Files</Filter>
    </CustomBuild>
    <CustomBuild Include="res\014_2.ico">
      <Filter>Resource Files</Filter>
    </CustomBuild>
    <CustomBuild Include="res\1++.ico">
      <Filter>Resource Files</Filter>
    </CustomBuild>
    <CustomBuild Include="res\110.ico">
      <Filter>Resource Files</Filter>
    </CustomBuild>
    <CustomBuild Include="res\2++.ico">
      <Filter>Resource Files</Filter>
    </CustomBuild>
    <CustomBuild Include="res\261.ico">
      <Filter>Resource Files</Filter>
    </CustomBuild>
    <CustomBuild Include="res\3++.ico">
      <Filter>Resource Files</Filter>
    </CustomBuild>
    <CustomBuild Include="res\arbi.ico">
      <Filter>Resource Files</Filter>
    </CustomBuild>
    <CustomBuild Include="res\Arbi5UI.ico">
      <Filter>Resource Files</Filter>
    </CustomBuild>
    <CustomBuild Include="res\Arbi5UI.rc2">
      <Filter>Resource Files</Filter>
    </CustomBuild>
    <CustomBuild Include="res\Arbi5UIDoc.ico">
      <Filter>Resource Files</Filter>
    </CustomBuild>
    <CustomBuild Include="res\arbiDoc.ico">
      <Filter>Resource Files</Filter>
    </CustomBuild>
    <CustomBuild Include="res\bitmap1.bmp">
      <Filter>Resource Files</Filter>
    </CustomBuild>
    <CustomBuild Include="res\bitmap4.bmp">
      <Filter>Resource Files</Filter>
    </CustomBuild>
    <CustomBuild Include="res\DecDtail.ico">
      <Filter>Resource Files</Filter>
    </CustomBuild>
    <CustomBuild Include="res\DecDtailDoc.ico">
      <Filter>Resource Files</Filter>
    </CustomBuild>
    <CustomBuild Include="res\Export To Document.ico">
      <Filter>Resource Files</Filter>
    </CustomBuild>
    <CustomBuild Include="res\Get Document.ico">
      <Filter>Resource Files</Filter>
    </CustomBuild>
    <CustomBuild Include="res\icon1.ico">
      <Filter>Resource Files</Filter>
    </CustomBuild>
    <CustomBuild Include="res\icon4.ico">
      <Filter>Resource Files</Filter>
    </CustomBuild>
    <CustomBuild Include="res\idr_.bmp">
      <Filter>Resource Files</Filter>
    </CustomBuild>
    <CustomBuild Include="res\imageList.bmp">
      <Filter>Resource Files</Filter>
    </CustomBuild>
    <CustomBuild Include="res\Import Document.ico">
      <Filter>Resource Files</Filter>
    </CustomBuild>
    <CustomBuild Include="res\Open.ico">
      <Filter>Resource Files</Filter>
    </CustomBuild>
    <CustomBuild Include="res\Toolbar.bmp">
      <Filter>Resource Files</Filter>
    </CustomBuild>
    <CustomBuild Include="toolbar.bmp">
      <Filter>Resource Files</Filter>
    </CustomBuild>
    <CustomBuild Include="res\TREEIMAGELIST.BMP">
      <Filter>Resource Files</Filter>
    </CustomBuild>
    <CustomBuild Include="res\Users.ico">
      <Filter>Resource Files</Filter>
    </CustomBuild>
    <CustomBuild Include="res\Web Browser.ico">
      <Filter>Resource Files</Filter>
    </CustomBuild>
    <CustomBuild Include="res\xptheme.bin">
      <Filter>Resource Files</Filter>
    </CustomBuild>
    <CustomBuild Include="ReadMe.txt" />
  </ItemGroup>
</Project>