<?xml version="1.0" encoding="utf-8"?>
<Project ToolsVersion="4.0" xmlns="http://schemas.microsoft.com/developer/msbuild/2003">
  <ItemGroup>
    <Filter Include="Source Files">
      <UniqueIdentifier>{7a1387a4-b1d3-49f7-9035-b921f1d471b3}</UniqueIdentifier>
      <Extensions>cpp;c;cxx;rc;def;r;odl;idl;hpj;bat</Extensions>
    </Filter>
    <Filter Include="Header Files">
      <UniqueIdentifier>{eb03fe87-d07c-4251-8028-1a8b307e0716}</UniqueIdentifier>
      <Extensions>h;hpp;hxx;hm;inl</Extensions>
    </Filter>
    <Filter Include="Resource Files">
      <UniqueIdentifier>{be40deed-8a66-43b1-a6f6-72056026cb2f}</UniqueIdentifier>
      <Extensions>ico;cur;bmp;dlg;rc2;rct;bin;rgs;gif;jpg;jpeg;jpe</Extensions>
    </Filter>
  </ItemGroup>
  <ItemGroup>
    <ClCompile Include="arbi5.cpp">
      <Filter>Source Files</Filter>
    </ClCompile>
    <ClCompile Include="ArbitrageComparablePriceExpression.cpp">
      <Filter>Source Files</Filter>
    </ClCompile>
    <ClCompile Include="ArbitrageStrategy.cpp">
      <Filter>Source Files</Filter>
    </ClCompile>
    <ClCompile Include="CancelQueue.cpp">
      <Filter>Source Files</Filter>
    </ClCompile>
    <ClCompile Include="ClientSock.cpp">
      <Filter>Source Files</Filter>
    </ClCompile>
    <ClCompile Include="commodity.cpp">
      <Filter>Source Files</Filter>
    </ClCompile>
    <ClCompile Include="Condition.cpp">
      <Filter>Source Files</Filter>
    </ClCompile>
    <ClCompile Include="Contract.cpp">
      <Filter>Source Files</Filter>
    </ClCompile>
    <ClCompile Include="DayTradingStrategy.cpp">
      <Filter>Source Files</Filter>
    </ClCompile>
    <ClCompile Include="Dealer.cpp">
      <Filter>Source Files</Filter>
    </ClCompile>
    <ClCompile Include="DealHistory.cpp">
      <Filter>Source Files</Filter>
    </ClCompile>
    <ClCompile Include="DiffExpression.cpp">
      <Filter>Source Files</Filter>
    </ClCompile>
    <ClCompile Include="Exchange.cpp">
      <Filter>Source Files</Filter>
    </ClCompile>
    <ClCompile Include="FishShootStrategy.cpp">
      <Filter>Source Files</Filter>
    </ClCompile>
    <ClCompile Include="FishStrategy.cpp">
      <Filter>Source Files</Filter>
    </ClCompile>
    <ClCompile Include="HoldingCounter.cpp">
      <Filter>Source Files</Filter>
    </ClCompile>
    <ClCompile Include="HoldingGuard.cpp">
      <Filter>Source Files</Filter>
    </ClCompile>
    <ClCompile Include="IntentionPair.cpp">
      <Filter>Source Files</Filter>
    </ClCompile>
    <ClCompile Include="Leg.cpp">
      <Filter>Source Files</Filter>
    </ClCompile>
    <ClCompile Include="LogPriceStrategy.cpp">
      <Filter>Source Files</Filter>
    </ClCompile>
    <ClCompile Include="LogStore.cpp">
      <Filter>Source Files</Filter>
    </ClCompile>
    <ClCompile Include="MockAsyncDealer.cpp">
      <Filter>Source Files</Filter>
    </ClCompile>
    <ClCompile Include="MockAsyncPriceSource.cpp">
      <Filter>Source Files</Filter>
    </ClCompile>
    <ClCompile Include="Order.cpp">
      <Filter>Source Files</Filter>
    </ClCompile>
    <ClCompile Include="Persistence.cpp">
      <Filter>Source Files</Filter>
    </ClCompile>
    <ClCompile Include="Price.cpp">
      <Filter>Source Files</Filter>
    </ClCompile>
    <ClCompile Include="PriceSource.cpp">
      <Filter>Source Files</Filter>
    </ClCompile>
    <ClCompile Include="SfitDealer.cpp">
      <Filter>Source Files</Filter>
    </ClCompile>
    <ClCompile Include="SfitPriceSource.cpp">
      <Filter>Source Files</Filter>
    </ClCompile>
    <ClCompile Include="ShootStrategy.cpp">
      <Filter>Source Files</Filter>
    </ClCompile>
    <ClCompile Include="SpDealer.cpp">
      <Filter>Source Files</Filter>
    </ClCompile>
    <ClCompile Include="SPInfor.cpp">
      <Filter>Source Files</Filter>
    </ClCompile>
    <ClCompile Include="SpPriceSource.cpp">
      <Filter>Source Files</Filter>
    </ClCompile>
    <ClCompile Include="StdAfx.cpp">
      <Filter>Source Files</Filter>
    </ClCompile>
    <ClCompile Include="Strategy.cpp">
      <Filter>Source Files</Filter>
    </ClCompile>
    <ClCompile Include="TimeInterval.cpp">
      <Filter>Source Files</Filter>
    </ClCompile>
    <ClCompile Include="TwoLegStrategy.cpp">
      <Filter>Source Files</Filter>
    </ClCompile>
    <ClCompile Include="Uuid.cpp">
      <Filter>Source Files</Filter>
    </ClCompile>
    <ClCompile Include="ImportExpression.cpp">
      <Filter>Source Files</Filter>
    </ClCompile>
    <ClCompile Include="FixClientSock.cpp">
      <Filter>Source Files</Filter>
    </ClCompile>
    <ClCompile Include="FixDealer.cpp">
      <Filter>Source Files</Filter>
    </ClCompile>
    <ClCompile Include="FixDecode.cpp">
      <Filter>Source Files</Filter>
    </ClCompile>
    <ClCompile Include="FixEncode.cpp">
      <Filter>Source Files</Filter>
    </ClCompile>
    <ClCompile Include="FixEntry.cpp">
      <Filter>Source Files</Filter>
    </ClCompile>
    <ClCompile Include="FixPatsDealer.cpp">
      <Filter>Source Files</Filter>
    </ClCompile>
    <ClCompile Include="FixPatsPriceSource.cpp">
      <Filter>Source Files</Filter>
    </ClCompile>
    <ClCompile Include="FixPrice.cpp">
      <Filter>Source Files</Filter>
    </ClCompile>
    <ClCompile Include="FixPubTools.cpp">
      <Filter>Source Files</Filter>
    </ClCompile>
    <ClCompile Include="FixTcpTrans.cpp">
      <Filter>Source Files</Filter>
    </ClCompile>
    <ClCompile Include="FixThread.cpp">
      <Filter>Source Files</Filter>
    </ClCompile>
    <ClCompile Include="FixThreadMsgPool.cpp">
      <Filter>Source Files</Filter>
    </ClCompile>
    <ClCompile Include="FixTimerManager.cpp">
      <Filter>Source Files</Filter>
    </ClCompile>
    <ClCompile Include="SimFixEngine.cpp">
      <Filter>Source Files</Filter>
    </ClCompile>
    <ClCompile Include="EsunnyDealer.cpp">
      <Filter>Source Files</Filter>
    </ClCompile>
    <ClCompile Include="EsunnyPriceSource.cpp">
      <Filter>Source Files</Filter>
    </ClCompile>
    <ClCompile Include="NameConverter.cpp">
      <Filter>Source Files</Filter>
    </ClCompile>
    <ClCompile Include="RohonDealer.cpp">
      <Filter>Source Files</Filter>
    </ClCompile>
    <ClCompile Include="RohonPriceSource.cpp">
      <Filter>Source Files</Filter>
    </ClCompile>
    <ClCompile Include="KnownContract.cpp">
      <Filter>Source Files</Filter>
    </ClCompile>
    <ClCompile Include="otherPriceSource.cpp">
      <Filter>Source Files</Filter>
    </ClCompile>
    <ClCompile Include="otherDealer.cpp">
      <Filter>Source Files</Filter>
    </ClCompile>
    <ClCompile Include="PatsApiDealer.cpp">
      <Filter>Source Files</Filter>
    </ClCompile>
    <ClCompile Include="PatsApiPriceSource.cpp">
      <Filter>Source Files</Filter>
    </ClCompile>
    <ClCompile Include="SimPatsApiEngine.cpp">
      <Filter>Source Files</Filter>
    </ClCompile>
  </ItemGroup>
  <ItemGroup>
    <ClInclude Include="ArbitrageComparablePriceExpression.h">
      <Filter>Header Files</Filter>
    </ClInclude>
    <ClInclude Include="ArbitrageStrategy.h">
      <Filter>Header Files</Filter>
    </ClInclude>
    <ClInclude Include="CancelQueue.h">
      <Filter>Header Files</Filter>
    </ClInclude>
    <ClInclude Include="ClientSock.h">
      <Filter>Header Files</Filter>
    </ClInclude>
    <ClInclude Include="commodity.h">
      <Filter>Header Files</Filter>
    </ClInclude>
    <ClInclude Include="Condition.h">
      <Filter>Header Files</Filter>
    </ClInclude>
    <ClInclude Include="Contract.h">
      <Filter>Header Files</Filter>
    </ClInclude>
    <ClInclude Include="DayTradingStrategy.h">
      <Filter>Header Files</Filter>
    </ClInclude>
    <ClInclude Include="Dealer.h">
      <Filter>Header Files</Filter>
    </ClInclude>
    <ClInclude Include="DealHistory.h">
      <Filter>Header Files</Filter>
    </ClInclude>
    <ClInclude Include="DiffExpression.h">
      <Filter>Header Files</Filter>
    </ClInclude>
    <ClInclude Include="Exchange.h">
      <Filter>Header Files</Filter>
    </ClInclude>
    <ClInclude Include="FishShootStrategy.h">
      <Filter>Header Files</Filter>
    </ClInclude>
    <ClInclude Include="FishStrategy.h">
      <Filter>Header Files</Filter>
    </ClInclude>
    <ClInclude Include="HoldingCounter.h">
      <Filter>Header Files</Filter>
    </ClInclude>
    <ClInclude Include="HoldingGuard.h">
      <Filter>Header Files</Filter>
    </ClInclude>
    <ClInclude Include="IntentionPair.h">
      <Filter>Header Files</Filter>
    </ClInclude>
    <ClInclude Include="Leg.h">
      <Filter>Header Files</Filter>
    </ClInclude>
    <ClInclude Include="LogPriceStrategy.h">
      <Filter>Header Files</Filter>
    </ClInclude>
    <ClInclude Include="LogStore.h">
      <Filter>Header Files</Filter>
    </ClInclude>
    <ClInclude Include="MockAsyncDealer.h">
      <Filter>Header Files</Filter>
    </ClInclude>
    <ClInclude Include="MockAsyncPriceSource.h">
      <Filter>Header Files</Filter>
    </ClInclude>
    <ClInclude Include="Order.h">
      <Filter>Header Files</Filter>
    </ClInclude>
    <ClInclude Include="Persistence.h">
      <Filter>Header Files</Filter>
    </ClInclude>
    <ClInclude Include="Price.h">
      <Filter>Header Files</Filter>
    </ClInclude>
    <ClInclude Include="PriceSource.h">
      <Filter>Header Files</Filter>
    </ClInclude>
    <ClInclude Include="SfitDealer.h">
      <Filter>Header Files</Filter>
    </ClInclude>
    <ClInclude Include="SfitPriceSource.h">
      <Filter>Header Files</Filter>
    </ClInclude>
    <ClInclude Include="ShootStrategy.h">
      <Filter>Header Files</Filter>
    </ClInclude>
    <ClInclude Include="SpDealer.h">
      <Filter>Header Files</Filter>
    </ClInclude>
    <ClInclude Include="SPInfor.h">
      <Filter>Header Files</Filter>
    </ClInclude>
    <ClInclude Include="SpPriceSource.h">
      <Filter>Header Files</Filter>
    </ClInclude>
    <ClInclude Include="StdAfx.h">
      <Filter>Header Files</Filter>
    </ClInclude>
    <ClInclude Include="Strategy.h">
      <Filter>Header Files</Filter>
    </ClInclude>
    <ClInclude Include="TimeInterval.h">
      <Filter>Header Files</Filter>
    </ClInclude>
    <ClInclude Include="TwoLegStrategy.h">
      <Filter>Header Files</Filter>
    </ClInclude>
    <ClInclude Include="Uuid.h">
      <Filter>Header Files</Filter>
    </ClInclude>
    <ClInclude Include="ImportExpression.h">
      <Filter>Header Files</Filter>
    </ClInclude>
    <ClInclude Include="FixTimerManager.h">
      <Filter>Header Files</Filter>
    </ClInclude>
    <ClInclude Include="FixClientSock.h">
      <Filter>Header Files</Filter>
    </ClInclude>
    <ClInclude Include="FixDealer.h">
      <Filter>Header Files</Filter>
    </ClInclude>
    <ClInclude Include="FixDecode.h">
      <Filter>Header Files</Filter>
    </ClInclude>
    <ClInclude Include="FixEncode.h">
      <Filter>Header Files</Filter>
    </ClInclude>
    <ClInclude Include="FixEntry.h">
      <Filter>Header Files</Filter>
    </ClInclude>
    <ClInclude Include="fixmsgdef.h">
      <Filter>Header Files</Filter>
    </ClInclude>
    <ClInclude Include="FixPatsDealer.h">
      <Filter>Header Files</Filter>
    </ClInclude>
    <ClInclude Include="FixPatsPriceSource.h">
      <Filter>Header Files</Filter>
    </ClInclude>
    <ClInclude Include="FixPrice.h">
      <Filter>Header Files</Filter>
    </ClInclude>
    <ClInclude Include="FixPubTools.h">
      <Filter>Header Files</Filter>
    </ClInclude>
    <ClInclude Include="FixTcpTrans.h">
      <Filter>Header Files</Filter>
    </ClInclude>
    <ClInclude Include="FixThread.h">
      <Filter>Header Files</Filter>
    </ClInclude>
    <ClInclude Include="FixThreadMsgPool.h">
      <Filter>Header Files</Filter>
    </ClInclude>
    <ClInclude Include="SimFixEngine.h">
      <Filter>Header Files</Filter>
    </ClInclude>
    <ClInclude Include="EsunnyDealer.h">
      <Filter>Header Files</Filter>
    </ClInclude>
    <ClInclude Include="EsunnyPriceSource.h">
      <Filter>Header Files</Filter>
    </ClInclude>
    <ClInclude Include="NameConverter.h">
      <Filter>Header Files</Filter>
    </ClInclude>
    <ClInclude Include="RohonDealer.h">
      <Filter>Header Files</Filter>
    </ClInclude>
    <ClInclude Include="RohonPriceSource.h">
      <Filter>Header Files</Filter>
    </ClInclude>
    <ClInclude Include="KnownContract.h">
      <Filter>Header Files</Filter>
    </ClInclude>
    <ClInclude Include="otherPriceSource.h">
      <Filter>Header Files</Filter>
    </ClInclude>
    <ClInclude Include="otherDealer.h">
      <Filter>Header Files</Filter>
    </ClInclude>
    <ClInclude Include="PatsApiDealer.h">
      <Filter>Header Files</Filter>
    </ClInclude>
    <ClInclude Include="patsapiinnermsgdef.h">
      <Filter>Header Files</Filter>
    </ClInclude>
    <ClInclude Include="patsapimsgdef.h">
      <Filter>Header Files</Filter>
    </ClInclude>
    <ClInclude Include="PatsApiPriceSource.h">
      <Filter>Header Files</Filter>
    </ClInclude>
    <ClInclude Include="patsIntf.h">
      <Filter>Header Files</Filter>
    </ClInclude>
    <ClInclude Include="SimPatsApiEngine.h">
      <Filter>Header Files</Filter>
    </ClInclude>
  </ItemGroup>
  <ItemGroup>
    <CustomBuild Include="ReadMe.txt" />
  </ItemGroup>
  <ItemGroup>
    <Library Include="hiredis\hiredis.lib">
      <Filter>Resource Files</Filter>
    </Library>
  </ItemGroup>
</Project>